// !$*UTF8*$!
{
	archiveVersion = 1;
	classes = {
	};
	objectVersion = 46;
	objects = {

/* Begin PBXBuildFile section */
		3726B0EA1ED0A0A300147C9E /* AppDelegate.swift in Sources */ = {isa = PBXBuildFile; fileRef = 3726B0E91ED0A0A300147C9E /* AppDelegate.swift */; };
		3726B0EC1ED0A0A300147C9E /* RootViewController.swift in Sources */ = {isa = PBXBuildFile; fileRef = 3726B0EB1ED0A0A300147C9E /* RootViewController.swift */; };
		3726B0EF1ED0A0A300147C9E /* Main.storyboard in Resources */ = {isa = PBXBuildFile; fileRef = 3726B0ED1ED0A0A300147C9E /* Main.storyboard */; };
		3726B0F21ED0A0A300147C9E /* Klik.xcdatamodeld in Sources */ = {isa = PBXBuildFile; fileRef = 3726B0F01ED0A0A300147C9E /* Klik.xcdatamodeld */; };
		3726B0F41ED0A0A300147C9E /* Assets.xcassets in Resources */ = {isa = PBXBuildFile; fileRef = 3726B0F31ED0A0A300147C9E /* Assets.xcassets */; };
		3726B0F71ED0A0A300147C9E /* LaunchScreen.storyboard in Resources */ = {isa = PBXBuildFile; fileRef = 3726B0F51ED0A0A300147C9E /* LaunchScreen.storyboard */; };
		3726B1021ED0A0A300147C9E /* KlikTests.swift in Sources */ = {isa = PBXBuildFile; fileRef = 3726B1011ED0A0A300147C9E /* KlikTests.swift */; };
		3726B10D1ED0A0A300147C9E /* KlikUITests.swift in Sources */ = {isa = PBXBuildFile; fileRef = 3726B10C1ED0A0A300147C9E /* KlikUITests.swift */; };
		3751817E1ED0A982005FC608 /* InsetLabel.swift in Sources */ = {isa = PBXBuildFile; fileRef = 3751817D1ED0A982005FC608 /* InsetLabel.swift */; };
		375181A21ED0C216005FC608 /* CounterViewController.swift in Sources */ = {isa = PBXBuildFile; fileRef = 375181A11ED0C216005FC608 /* CounterViewController.swift */; };
		37ECDCCF1ED4BC90000DAC1A /* Counter.swift in Sources */ = {isa = PBXBuildFile; fileRef = 37ECDCCE1ED4BC90000DAC1A /* Counter.swift */; };
		37ECDCD11ED4BED8000DAC1A /* CounterRepo.swift in Sources */ = {isa = PBXBuildFile; fileRef = 37ECDCD01ED4BED8000DAC1A /* CounterRepo.swift */; };
/* End PBXBuildFile section */

/* Begin PBXContainerItemProxy section */
		3726B0FE1ED0A0A300147C9E /* PBXContainerItemProxy */ = {
			isa = PBXContainerItemProxy;
			containerPortal = 3726B0DE1ED0A0A200147C9E /* Project object */;
			proxyType = 1;
			remoteGlobalIDString = 3726B0E51ED0A0A300147C9E;
			remoteInfo = Klik;
		};
		3726B1091ED0A0A300147C9E /* PBXContainerItemProxy */ = {
			isa = PBXContainerItemProxy;
			containerPortal = 3726B0DE1ED0A0A200147C9E /* Project object */;
			proxyType = 1;
			remoteGlobalIDString = 3726B0E51ED0A0A300147C9E;
			remoteInfo = Klik;
		};
/* End PBXContainerItemProxy section */

/* Begin PBXFileReference section */
		3726B0E61ED0A0A300147C9E /* Klik.app */ = {isa = PBXFileReference; explicitFileType = wrapper.application; includeInIndex = 0; path = Klik.app; sourceTree = BUILT_PRODUCTS_DIR; };
		3726B0E91ED0A0A300147C9E /* AppDelegate.swift */ = {isa = PBXFileReference; lastKnownFileType = sourcecode.swift; path = AppDelegate.swift; sourceTree = "<group>"; };
		3726B0EB1ED0A0A300147C9E /* RootViewController.swift */ = {isa = PBXFileReference; lastKnownFileType = sourcecode.swift; path = RootViewController.swift; sourceTree = "<group>"; };
		3726B0EE1ED0A0A300147C9E /* Base */ = {isa = PBXFileReference; lastKnownFileType = file.storyboard; name = Base; path = Base.lproj/Main.storyboard; sourceTree = "<group>"; };
		3726B0F11ED0A0A300147C9E /* Klik.xcdatamodel */ = {isa = PBXFileReference; lastKnownFileType = wrapper.xcdatamodel; path = Klik.xcdatamodel; sourceTree = "<group>"; };
		3726B0F31ED0A0A300147C9E /* Assets.xcassets */ = {isa = PBXFileReference; lastKnownFileType = folder.assetcatalog; path = Assets.xcassets; sourceTree = "<group>"; };
		3726B0F61ED0A0A300147C9E /* Base */ = {isa = PBXFileReference; lastKnownFileType = file.storyboard; name = Base; path = Base.lproj/LaunchScreen.storyboard; sourceTree = "<group>"; };
		3726B0F81ED0A0A300147C9E /* Info.plist */ = {isa = PBXFileReference; lastKnownFileType = text.plist.xml; path = Info.plist; sourceTree = "<group>"; };
		3726B0FD1ED0A0A300147C9E /* KlikTests.xctest */ = {isa = PBXFileReference; explicitFileType = wrapper.cfbundle; includeInIndex = 0; path = KlikTests.xctest; sourceTree = BUILT_PRODUCTS_DIR; };
		3726B1011ED0A0A300147C9E /* KlikTests.swift */ = {isa = PBXFileReference; lastKnownFileType = sourcecode.swift; path = KlikTests.swift; sourceTree = "<group>"; };
		3726B1031ED0A0A300147C9E /* Info.plist */ = {isa = PBXFileReference; lastKnownFileType = text.plist.xml; path = Info.plist; sourceTree = "<group>"; };
		3726B1081ED0A0A300147C9E /* KlikUITests.xctest */ = {isa = PBXFileReference; explicitFileType = wrapper.cfbundle; includeInIndex = 0; path = KlikUITests.xctest; sourceTree = BUILT_PRODUCTS_DIR; };
		3726B10C1ED0A0A300147C9E /* KlikUITests.swift */ = {isa = PBXFileReference; lastKnownFileType = sourcecode.swift; path = KlikUITests.swift; sourceTree = "<group>"; };
		3726B10E1ED0A0A300147C9E /* Info.plist */ = {isa = PBXFileReference; lastKnownFileType = text.plist.xml; path = Info.plist; sourceTree = "<group>"; };
		3751817D1ED0A982005FC608 /* InsetLabel.swift */ = {isa = PBXFileReference; fileEncoding = 4; lastKnownFileType = sourcecode.swift; path = InsetLabel.swift; sourceTree = "<group>"; };
		375181A11ED0C216005FC608 /* CounterViewController.swift */ = {isa = PBXFileReference; fileEncoding = 4; lastKnownFileType = sourcecode.swift; path = CounterViewController.swift; sourceTree = "<group>"; };
		37ECDCCE1ED4BC90000DAC1A /* Counter.swift */ = {isa = PBXFileReference; fileEncoding = 4; lastKnownFileType = sourcecode.swift; path = Counter.swift; sourceTree = "<group>"; };
		37ECDCD01ED4BED8000DAC1A /* CounterRepo.swift */ = {isa = PBXFileReference; fileEncoding = 4; lastKnownFileType = sourcecode.swift; path = CounterRepo.swift; sourceTree = "<group>"; };
/* End PBXFileReference section */

/* Begin PBXFrameworksBuildPhase section */
		3726B0E31ED0A0A300147C9E /* Frameworks */ = {
			isa = PBXFrameworksBuildPhase;
			buildActionMask = 2147483647;
			files = (
			);
			runOnlyForDeploymentPostprocessing = 0;
		};
		3726B0FA1ED0A0A300147C9E /* Frameworks */ = {
			isa = PBXFrameworksBuildPhase;
			buildActionMask = 2147483647;
			files = (
			);
			runOnlyForDeploymentPostprocessing = 0;
		};
		3726B1051ED0A0A300147C9E /* Frameworks */ = {
			isa = PBXFrameworksBuildPhase;
			buildActionMask = 2147483647;
			files = (
			);
			runOnlyForDeploymentPostprocessing = 0;
		};
/* End PBXFrameworksBuildPhase section */

/* Begin PBXGroup section */
		3726B0DD1ED0A0A200147C9E = {
			isa = PBXGroup;
			children = (
				3726B0E81ED0A0A300147C9E /* Klik */,
				3726B1001ED0A0A300147C9E /* KlikTests */,
				3726B10B1ED0A0A300147C9E /* KlikUITests */,
				3726B0E71ED0A0A300147C9E /* Products */,
			);
			sourceTree = "<group>";
		};
		3726B0E71ED0A0A300147C9E /* Products */ = {
			isa = PBXGroup;
			children = (
				3726B0E61ED0A0A300147C9E /* Klik.app */,
				3726B0FD1ED0A0A300147C9E /* KlikTests.xctest */,
				3726B1081ED0A0A300147C9E /* KlikUITests.xctest */,
			);
			name = Products;
			sourceTree = "<group>";
		};
		3726B0E81ED0A0A300147C9E /* Klik */ = {
			isa = PBXGroup;
			children = (
				3726B0E91ED0A0A300147C9E /* AppDelegate.swift */,
				3726B0ED1ED0A0A300147C9E /* Main.storyboard */,
				3726B0EB1ED0A0A300147C9E /* RootViewController.swift */,
				375181A11ED0C216005FC608 /* CounterViewController.swift */,
				3726B0F31ED0A0A300147C9E /* Assets.xcassets */,
				3726B0F51ED0A0A300147C9E /* LaunchScreen.storyboard */,
				3726B0F81ED0A0A300147C9E /* Info.plist */,
				3726B0F01ED0A0A300147C9E /* Klik.xcdatamodeld */,
				3751817D1ED0A982005FC608 /* InsetLabel.swift */,
				37ECDCCE1ED4BC90000DAC1A /* Counter.swift */,
				37ECDCD01ED4BED8000DAC1A /* CounterRepo.swift */,
			);
			path = Klik;
			sourceTree = "<group>";
		};
		3726B1001ED0A0A300147C9E /* KlikTests */ = {
			isa = PBXGroup;
			children = (
				3726B1011ED0A0A300147C9E /* KlikTests.swift */,
				3726B1031ED0A0A300147C9E /* Info.plist */,
			);
			path = KlikTests;
			sourceTree = "<group>";
		};
		3726B10B1ED0A0A300147C9E /* KlikUITests */ = {
			isa = PBXGroup;
			children = (
				3726B10C1ED0A0A300147C9E /* KlikUITests.swift */,
				3726B10E1ED0A0A300147C9E /* Info.plist */,
			);
			path = KlikUITests;
			sourceTree = "<group>";
		};
/* End PBXGroup section */

/* Begin PBXNativeTarget section */
		3726B0E51ED0A0A300147C9E /* Klik */ = {
			isa = PBXNativeTarget;
			buildConfigurationList = 3726B1111ED0A0A300147C9E /* Build configuration list for PBXNativeTarget "Klik" */;
			buildPhases = (
				3726B0E21ED0A0A300147C9E /* Sources */,
				3726B0E31ED0A0A300147C9E /* Frameworks */,
				3726B0E41ED0A0A300147C9E /* Resources */,
			);
			buildRules = (
			);
			dependencies = (
			);
			name = Klik;
			productName = Klik;
			productReference = 3726B0E61ED0A0A300147C9E /* Klik.app */;
			productType = "com.apple.product-type.application";
		};
		3726B0FC1ED0A0A300147C9E /* KlikTests */ = {
			isa = PBXNativeTarget;
			buildConfigurationList = 3726B1141ED0A0A300147C9E /* Build configuration list for PBXNativeTarget "KlikTests" */;
			buildPhases = (
				3726B0F91ED0A0A300147C9E /* Sources */,
				3726B0FA1ED0A0A300147C9E /* Frameworks */,
				3726B0FB1ED0A0A300147C9E /* Resources */,
			);
			buildRules = (
			);
			dependencies = (
				3726B0FF1ED0A0A300147C9E /* PBXTargetDependency */,
			);
			name = KlikTests;
			productName = KlikTests;
			productReference = 3726B0FD1ED0A0A300147C9E /* KlikTests.xctest */;
			productType = "com.apple.product-type.bundle.unit-test";
		};
		3726B1071ED0A0A300147C9E /* KlikUITests */ = {
			isa = PBXNativeTarget;
			buildConfigurationList = 3726B1171ED0A0A300147C9E /* Build configuration list for PBXNativeTarget "KlikUITests" */;
			buildPhases = (
				3726B1041ED0A0A300147C9E /* Sources */,
				3726B1051ED0A0A300147C9E /* Frameworks */,
				3726B1061ED0A0A300147C9E /* Resources */,
			);
			buildRules = (
			);
			dependencies = (
				3726B10A1ED0A0A300147C9E /* PBXTargetDependency */,
			);
			name = KlikUITests;
			productName = KlikUITests;
			productReference = 3726B1081ED0A0A300147C9E /* KlikUITests.xctest */;
			productType = "com.apple.product-type.bundle.ui-testing";
		};
/* End PBXNativeTarget section */

/* Begin PBXProject section */
		3726B0DE1ED0A0A200147C9E /* Project object */ = {
			isa = PBXProject;
			attributes = {
				LastSwiftUpdateCheck = 0830;
				LastUpgradeCheck = 0830;
				ORGANIZATIONNAME = "Tomek Paczkowski";
				TargetAttributes = {
					3726B0E51ED0A0A300147C9E = {
						CreatedOnToolsVersion = 8.3.1;
						DevelopmentTeam = 257X78E8AT;
						ProvisioningStyle = Automatic;
					};
					3726B0FC1ED0A0A300147C9E = {
						CreatedOnToolsVersion = 8.3.1;
						DevelopmentTeam = KTG53JRU4A;
						ProvisioningStyle = Automatic;
						TestTargetID = 3726B0E51ED0A0A300147C9E;
					};
					3726B1071ED0A0A300147C9E = {
						CreatedOnToolsVersion = 8.3.1;
						DevelopmentTeam = KTG53JRU4A;
						ProvisioningStyle = Automatic;
						TestTargetID = 3726B0E51ED0A0A300147C9E;
					};
				};
			};
			buildConfigurationList = 3726B0E11ED0A0A200147C9E /* Build configuration list for PBXProject "Klik" */;
			compatibilityVersion = "Xcode 3.2";
			developmentRegion = English;
			hasScannedForEncodings = 0;
			knownRegions = (
				en,
				Base,
			);
			mainGroup = 3726B0DD1ED0A0A200147C9E;
			productRefGroup = 3726B0E71ED0A0A300147C9E /* Products */;
			projectDirPath = "";
			projectRoot = "";
			targets = (
				3726B0E51ED0A0A300147C9E /* Klik */,
				3726B0FC1ED0A0A300147C9E /* KlikTests */,
				3726B1071ED0A0A300147C9E /* KlikUITests */,
			);
		};
/* End PBXProject section */

/* Begin PBXResourcesBuildPhase section */
		3726B0E41ED0A0A300147C9E /* Resources */ = {
			isa = PBXResourcesBuildPhase;
			buildActionMask = 2147483647;
			files = (
				3726B0F71ED0A0A300147C9E /* LaunchScreen.storyboard in Resources */,
				3726B0F41ED0A0A300147C9E /* Assets.xcassets in Resources */,
				3726B0EF1ED0A0A300147C9E /* Main.storyboard in Resources */,
			);
			runOnlyForDeploymentPostprocessing = 0;
		};
		3726B0FB1ED0A0A300147C9E /* Resources */ = {
			isa = PBXResourcesBuildPhase;
			buildActionMask = 2147483647;
			files = (
			);
			runOnlyForDeploymentPostprocessing = 0;
		};
		3726B1061ED0A0A300147C9E /* Resources */ = {
			isa = PBXResourcesBuildPhase;
			buildActionMask = 2147483647;
			files = (
			);
			runOnlyForDeploymentPostprocessing = 0;
		};
/* End PBXResourcesBuildPhase section */

/* Begin PBXSourcesBuildPhase section */
		3726B0E21ED0A0A300147C9E /* Sources */ = {
			isa = PBXSourcesBuildPhase;
			buildActionMask = 2147483647;
			files = (
				375181A21ED0C216005FC608 /* CounterViewController.swift in Sources */,
				3726B0F21ED0A0A300147C9E /* Klik.xcdatamodeld in Sources */,
				37ECDCCF1ED4BC90000DAC1A /* Counter.swift in Sources */,
				3726B0EC1ED0A0A300147C9E /* RootViewController.swift in Sources */,
				37ECDCD11ED4BED8000DAC1A /* CounterRepo.swift in Sources */,
				3751817E1ED0A982005FC608 /* InsetLabel.swift in Sources */,
				3726B0EA1ED0A0A300147C9E /* AppDelegate.swift in Sources */,
			);
			runOnlyForDeploymentPostprocessing = 0;
		};
		3726B0F91ED0A0A300147C9E /* Sources */ = {
			isa = PBXSourcesBuildPhase;
			buildActionMask = 2147483647;
			files = (
				3726B1021ED0A0A300147C9E /* KlikTests.swift in Sources */,
			);
			runOnlyForDeploymentPostprocessing = 0;
		};
		3726B1041ED0A0A300147C9E /* Sources */ = {
			isa = PBXSourcesBuildPhase;
			buildActionMask = 2147483647;
			files = (
				3726B10D1ED0A0A300147C9E /* KlikUITests.swift in Sources */,
			);
			runOnlyForDeploymentPostprocessing = 0;
		};
/* End PBXSourcesBuildPhase section */

/* Begin PBXTargetDependency section */
		3726B0FF1ED0A0A300147C9E /* PBXTargetDependency */ = {
			isa = PBXTargetDependency;
			target = 3726B0E51ED0A0A300147C9E /* Klik */;
			targetProxy = 3726B0FE1ED0A0A300147C9E /* PBXContainerItemProxy */;
		};
		3726B10A1ED0A0A300147C9E /* PBXTargetDependency */ = {
			isa = PBXTargetDependency;
			target = 3726B0E51ED0A0A300147C9E /* Klik */;
			targetProxy = 3726B1091ED0A0A300147C9E /* PBXContainerItemProxy */;
		};
/* End PBXTargetDependency section */

/* Begin PBXVariantGroup section */
		3726B0ED1ED0A0A300147C9E /* Main.storyboard */ = {
			isa = PBXVariantGroup;
			children = (
				3726B0EE1ED0A0A300147C9E /* Base */,
			);
			name = Main.storyboard;
			sourceTree = "<group>";
		};
		3726B0F51ED0A0A300147C9E /* LaunchScreen.storyboard */ = {
			isa = PBXVariantGroup;
			children = (
				3726B0F61ED0A0A300147C9E /* Base */,
			);
			name = LaunchScreen.storyboard;
			sourceTree = "<group>";
		};
/* End PBXVariantGroup section */

/* Begin XCBuildConfiguration section */
		3726B10F1ED0A0A300147C9E /* Debug */ = {
			isa = XCBuildConfiguration;
			buildSettings = {
				ALWAYS_SEARCH_USER_PATHS = NO;
				CLANG_ANALYZER_NONNULL = YES;
				CLANG_ANALYZER_NUMBER_OBJECT_CONVERSION = YES_AGGRESSIVE;
				CLANG_CXX_LANGUAGE_STANDARD = "gnu++0x";
				CLANG_CXX_LIBRARY = "libc++";
				CLANG_ENABLE_MODULES = YES;
				CLANG_ENABLE_OBJC_ARC = YES;
				CLANG_WARN_BOOL_CONVERSION = YES;
				CLANG_WARN_CONSTANT_CONVERSION = YES;
				CLANG_WARN_DIRECT_OBJC_ISA_USAGE = YES_ERROR;
				CLANG_WARN_DOCUMENTATION_COMMENTS = YES;
				CLANG_WARN_EMPTY_BODY = YES;
				CLANG_WARN_ENUM_CONVERSION = YES;
				CLANG_WARN_INFINITE_RECURSION = YES;
				CLANG_WARN_INT_CONVERSION = YES;
				CLANG_WARN_OBJC_ROOT_CLASS = YES_ERROR;
				CLANG_WARN_SUSPICIOUS_MOVE = YES;
				CLANG_WARN_UNREACHABLE_CODE = YES;
				CLANG_WARN__DUPLICATE_METHOD_MATCH = YES;
				"CODE_SIGN_IDENTITY[sdk=iphoneos*]" = "iPhone Developer";
				COPY_PHASE_STRIP = NO;
				DEBUG_INFORMATION_FORMAT = dwarf;
				ENABLE_STRICT_OBJC_MSGSEND = YES;
				ENABLE_TESTABILITY = YES;
				GCC_C_LANGUAGE_STANDARD = gnu99;
				GCC_DYNAMIC_NO_PIC = NO;
				GCC_NO_COMMON_BLOCKS = YES;
				GCC_OPTIMIZATION_LEVEL = 0;
				GCC_PREPROCESSOR_DEFINITIONS = (
					"DEBUG=1",
					"$(inherited)",
				);
				GCC_WARN_64_TO_32_BIT_CONVERSION = YES;
				GCC_WARN_ABOUT_RETURN_TYPE = YES_ERROR;
				GCC_WARN_UNDECLARED_SELECTOR = YES;
				GCC_WARN_UNINITIALIZED_AUTOS = YES_AGGRESSIVE;
				GCC_WARN_UNUSED_FUNCTION = YES;
				GCC_WARN_UNUSED_VARIABLE = YES;
				IPHONEOS_DEPLOYMENT_TARGET = 10.3;
				MTL_ENABLE_DEBUG_INFO = YES;
				ONLY_ACTIVE_ARCH = YES;
				SDKROOT = iphoneos;
				SWIFT_ACTIVE_COMPILATION_CONDITIONS = DEBUG;
				SWIFT_OPTIMIZATION_LEVEL = "-Onone";
				TARGETED_DEVICE_FAMILY = "1,2";
			};
			name = Debug;
		};
		3726B1101ED0A0A300147C9E /* Release */ = {
			isa = XCBuildConfiguration;
			buildSettings = {
				ALWAYS_SEARCH_USER_PATHS = NO;
				CLANG_ANALYZER_NONNULL = YES;
				CLANG_ANALYZER_NUMBER_OBJECT_CONVERSION = YES_AGGRESSIVE;
				CLANG_CXX_LANGUAGE_STANDARD = "gnu++0x";
				CLANG_CXX_LIBRARY = "libc++";
				CLANG_ENABLE_MODULES = YES;
				CLANG_ENABLE_OBJC_ARC = YES;
				CLANG_WARN_BOOL_CONVERSION = YES;
				CLANG_WARN_CONSTANT_CONVERSION = YES;
				CLANG_WARN_DIRECT_OBJC_ISA_USAGE = YES_ERROR;
				CLANG_WARN_DOCUMENTATION_COMMENTS = YES;
				CLANG_WARN_EMPTY_BODY = YES;
				CLANG_WARN_ENUM_CONVERSION = YES;
				CLANG_WARN_INFINITE_RECURSION = YES;
				CLANG_WARN_INT_CONVERSION = YES;
				CLANG_WARN_OBJC_ROOT_CLASS = YES_ERROR;
				CLANG_WARN_SUSPICIOUS_MOVE = YES;
				CLANG_WARN_UNREACHABLE_CODE = YES;
				CLANG_WARN__DUPLICATE_METHOD_MATCH = YES;
				"CODE_SIGN_IDENTITY[sdk=iphoneos*]" = "iPhone Developer";
				COPY_PHASE_STRIP = NO;
				DEBUG_INFORMATION_FORMAT = "dwarf-with-dsym";
				ENABLE_NS_ASSERTIONS = NO;
				ENABLE_STRICT_OBJC_MSGSEND = YES;
				GCC_C_LANGUAGE_STANDARD = gnu99;
				GCC_NO_COMMON_BLOCKS = YES;
				GCC_WARN_64_TO_32_BIT_CONVERSION = YES;
				GCC_WARN_ABOUT_RETURN_TYPE = YES_ERROR;
				GCC_WARN_UNDECLARED_SELECTOR = YES;
				GCC_WARN_UNINITIALIZED_AUTOS = YES_AGGRESSIVE;
				GCC_WARN_UNUSED_FUNCTION = YES;
				GCC_WARN_UNUSED_VARIABLE = YES;
				IPHONEOS_DEPLOYMENT_TARGET = 10.3;
				MTL_ENABLE_DEBUG_INFO = NO;
				SDKROOT = iphoneos;
				SWIFT_OPTIMIZATION_LEVEL = "-Owholemodule";
				TARGETED_DEVICE_FAMILY = "1,2";
				VALIDATE_PRODUCT = YES;
			};
			name = Release;
		};
		3726B1121ED0A0A300147C9E /* Debug */ = {
			isa = XCBuildConfiguration;
			buildSettings = {
				ASSETCATALOG_COMPILER_APPICON_NAME = AppIcon;
				DEVELOPMENT_TEAM = 257X78E8AT;
				INFOPLIST_FILE = Klik/Info.plist;
				IPHONEOS_DEPLOYMENT_TARGET = 10.0;
				LD_RUNPATH_SEARCH_PATHS = "$(inherited) @executable_path/Frameworks";
				PRODUCT_BUNDLE_IDENTIFIER = "eu.hauru.klik-ios";
				PRODUCT_NAME = "$(TARGET_NAME)";
				SWIFT_VERSION = 3.0;
				TARGETED_DEVICE_FAMILY = 1;
			};
			name = Debug;
		};
		3726B1131ED0A0A300147C9E /* Release */ = {
			isa = XCBuildConfiguration;
			buildSettings = {
				ASSETCATALOG_COMPILER_APPICON_NAME = AppIcon;
				DEVELOPMENT_TEAM = 257X78E8AT;
				INFOPLIST_FILE = Klik/Info.plist;
				IPHONEOS_DEPLOYMENT_TARGET = 10.0;
				LD_RUNPATH_SEARCH_PATHS = "$(inherited) @executable_path/Frameworks";
				PRODUCT_BUNDLE_IDENTIFIER = "eu.hauru.klik-ios";
				PRODUCT_NAME = "$(TARGET_NAME)";
				SWIFT_VERSION = 3.0;
				TARGETED_DEVICE_FAMILY = 1;
			};
			name = Release;
		};
		3726B1151ED0A0A300147C9E /* Debug */ = {
			isa = XCBuildConfiguration;
			buildSettings = {
				ALWAYS_EMBED_SWIFT_STANDARD_LIBRARIES = YES;
				BUNDLE_LOADER = "$(TEST_HOST)";
				DEVELOPMENT_TEAM = KTG53JRU4A;
				INFOPLIST_FILE = KlikTests/Info.plist;
				LD_RUNPATH_SEARCH_PATHS = "$(inherited) @executable_path/Frameworks @loader_path/Frameworks";
				PRODUCT_BUNDLE_IDENTIFIER = eu.hauru.KlikTests;
				PRODUCT_NAME = "$(TARGET_NAME)";
				SWIFT_VERSION = 3.0;
				TEST_HOST = "$(BUILT_PRODUCTS_DIR)/Klik.app/Klik";
			};
			name = Debug;
		};
		3726B1161ED0A0A300147C9E /* Release */ = {
			isa = XCBuildConfiguration;
			buildSettings = {
				ALWAYS_EMBED_SWIFT_STANDARD_LIBRARIES = YES;
				BUNDLE_LOADER = "$(TEST_HOST)";
				DEVELOPMENT_TEAM = KTG53JRU4A;
				INFOPLIST_FILE = KlikTests/Info.plist;
				LD_RUNPATH_SEARCH_PATHS = "$(inherited) @executable_path/Frameworks @loader_path/Frameworks";
				PRODUCT_BUNDLE_IDENTIFIER = eu.hauru.KlikTests;
				PRODUCT_NAME = "$(TARGET_NAME)";
				SWIFT_VERSION = 3.0;
				TEST_HOST = "$(BUILT_PRODUCTS_DIR)/Klik.app/Klik";
			};
			name = Release;
		};
		3726B1181ED0A0A300147C9E /* Debug */ = {
			isa = XCBuildConfiguration;
			buildSettings = {
				ALWAYS_EMBED_SWIFT_STANDARD_LIBRARIES = YES;
				DEVELOPMENT_TEAM = KTG53JRU4A;
				INFOPLIST_FILE = KlikUITests/Info.plist;
				LD_RUNPATH_SEARCH_PATHS = "$(inherited) @executable_path/Frameworks @loader_path/Frameworks";
				PRODUCT_BUNDLE_IDENTIFIER = eu.hauru.KlikUITests;
				PRODUCT_NAME = "$(TARGET_NAME)";
				SWIFT_VERSION = 3.0;
				TEST_TARGET_NAME = Klik;
			};
			name = Debug;
		};
		3726B1191ED0A0A300147C9E /* Release */ = {
			isa = XCBuildConfiguration;
			buildSettings = {
				ALWAYS_EMBED_SWIFT_STANDARD_LIBRARIES = YES;
				DEVELOPMENT_TEAM = KTG53JRU4A;
				INFOPLIST_FILE = KlikUITests/Info.plist;
				LD_RUNPATH_SEARCH_PATHS = "$(inherited) @executable_path/Frameworks @loader_path/Frameworks";
				PRODUCT_BUNDLE_IDENTIFIER = eu.hauru.KlikUITests;
				PRODUCT_NAME = "$(TARGET_NAME)";
				SWIFT_VERSION = 3.0;
				TEST_TARGET_NAME = Klik;
			};
			name = Release;
		};
/* End XCBuildConfiguration section */

/* Begin XCConfigurationList section */
		3726B0E11ED0A0A200147C9E /* Build configuration list for PBXProject "Klik" */ = {
			isa = XCConfigurationList;
			buildConfigurations = (
				3726B10F1ED0A0A300147C9E /* Debug */,
				3726B1101ED0A0A300147C9E /* Release */,
			);
			defaultConfigurationIsVisible = 0;
			defaultConfigurationName = Release;
		};
		3726B1111ED0A0A300147C9E /* Build configuration list for PBXNativeTarget "Klik" */ = {
			isa = XCConfigurationList;
			buildConfigurations = (
				3726B1121ED0A0A300147C9E /* Debug */,
				3726B1131ED0A0A300147C9E /* Release */,
			);
			defaultConfigurationIsVisible = 0;
			defaultConfigurationName = Release;
		};
		3726B1141ED0A0A300147C9E /* Build configuration list for PBXNativeTarget "KlikTests" */ = {
			isa = XCConfigurationList;
			buildConfigurations = (
				3726B1151ED0A0A300147C9E /* Debug */,
				3726B1161ED0A0A300147C9E /* Release */,
			);
			defaultConfigurationIsVisible = 0;
			defaultConfigurationName = Release;
		};
		3726B1171ED0A0A300147C9E /* Build configuration list for PBXNativeTarget "KlikUITests" */ = {
			isa = XCConfigurationList;
			buildConfigurations = (
				3726B1181ED0A0A300147C9E /* Debug */,
				3726B1191ED0A0A300147C9E /* Release */,
			);
			defaultConfigurationIsVisible = 0;
			defaultConfigurationName = Release;
		};
/* End XCConfigurationList section */

/* Begin XCVersionGroup section */
		3726B0F01ED0A0A300147C9E /* Klik.xcdatamodeld */ = {
			isa = XCVersionGroup;
			children = (
				3726B0F11ED0A0A300147C9E /* Klik.xcdatamodel */,
			);
			currentVersion = 3726B0F11ED0A0A300147C9E /* Klik.xcdatamodel */;
			path = Klik.xcdatamodeld;
			sourceTree = "<group>";
			versionGroupType = wrapper.xcdatamodel;
		};
/* End XCVersionGroup section */
	};
	rootObject = 3726B0DE1ED0A0A200147C9E /* Project object */;
}
